
Microsoft Visual Studio Solution File, Format Version 12.00
# Visual Studio 15
VisualStudioVersion = 15.0.28010.2016
MinimumVisualStudioVersion = 10.0.40219.1
Project("{FAE04EC0-301F-11D3-BF4B-00C04F79EFBC}") = "BibliotecaMarie", "BibliotecaMarie\BibliotecaMarie.csproj", "{CBCD6575-8F74-43D1-9910-6CA78930B46C}"
EndProject
Global
	GlobalSection(SolutionConfigurationPlatforms) = preSolution
		Debug|Any CPU = Debug|Any CPU
		Release|Any CPU = Release|Any CPU
	EndGlobalSection
	GlobalSection(ProjectConfigurationPlatforms) = postSolution
		{CBCD6575-8F74-43D1-9910-6CA78930B46C}.Debug|Any CPU.ActiveCfg = Debug|Any CPU
		{CBCD6575-8F74-43D1-9910-6CA78930B46C}.Debug|Any CPU.Build.0 = Debug|Any CPU
		{CBCD6575-8F74-43D1-9910-6CA78930B46C}.Release|Any CPU.ActiveCfg = Release|Any CPU
		{CBCD6575-8F74-43D1-9910-6CA78930B46C}.Release|Any CPU.Build.0 = Release|Any CPU
	EndGlobalSection
	GlobalSection(SolutionProperties) = preSolution
		HideSolutionNode = FALSE
	EndGlobalSection
	GlobalSection(ExtensibilityGlobals) = postSolution
		SolutionGuid = {6BF3E130-11B0-419A-B3B2-4EF8EF56FA46}
	EndGlobalSection
EndGlobal
